Microsoft Visual Studio Solution File, Format Version 12.00
# Visual Studio Version 17
VisualStudioVersion = 17.13.35913.81
MinimumVisualStudioVersion = 10.0.40219.1
Project("{2150E333-8FDC-42A3-9474-1A3956D46DE8}") = "Services", "Services", "{02EA681E-C7D8-13C7-8484-4AC65E1B71E8}"
EndProject
Project("{2150E333-8FDC-42A3-9474-1A3956D46DE8}") = "Catalog", "Catalog", "{DB0FDEC6-9CF1-4C52-8837-B5D87083D493}"
EndProject
Project("{FAE04EC0-301F-11D3-BF4B-00C04F79EFBC}") = "MultiShop.Catalog", "Services\Catalog\MultiShop.Catalog\MultiShop.Catalog.csproj", "{532C8C68-FB37-4314-BA26-885844F48751}"
EndProject
Project("{2150E333-8FDC-42A3-9474-1A3956D46DE8}") = "Discount", "Discount", "{FCF357DF-529E-4415-AF75-A131CB79AC8C}"
EndProject
Project("{FAE04EC0-301F-11D3-BF4B-00C04F79EFBC}") = "MultiShop.Discount", "Services\Discount\MultiShop.Discount\MultiShop.Discount.csproj", "{B5D57F98-26F7-45A3-BE15-31C004EB1A58}"
EndProject
Project("{2150E333-8FDC-42A3-9474-1A3956D46DE8}") = "Order", "Order", "{DDDD24C6-7122-4CB9-9491-7C1651025755}"
EndProject
Project("{2150E333-8FDC-42A3-9474-1A3956D46DE8}") = "Infrastructure", "Infrastructure", "{3D0CE1DF-F614-49CB-B2B1-BB00E0B48843}"
EndProject
Project("{2150E333-8FDC-42A3-9474-1A3956D46DE8}") = "Core", "Core", "{0BAABFC2-35A3-40F1-9860-66BEA3231A84}"
EndProject
Project("{2150E333-8FDC-42A3-9474-1A3956D46DE8}") = "Presentation", "Presentation", "{AA22AA2E-7E31-4988-92B8-EC4451226D8A}"
EndProject
Project("{FAE04EC0-301F-11D3-BF4B-00C04F79EFBC}") = "MultiShop.Order.Domain", "Services\Order\Core\MultiShop.Order.Domain\MultiShop.Order.Domain.csproj", "{A2F30D17-62DC-4761-8D47-724C5B6AF92D}"
EndProject
Project("{FAE04EC0-301F-11D3-BF4B-00C04F79EFBC}") = "MultiShop.Order.Application", "Services\Order\Core\MultiShop.Order.Application\MultiShop.Order.Application.csproj", "{033DD2C3-CA0F-4CA9-BB05-5F7C2B46DDF8}"
EndProject
Project("{FAE04EC0-301F-11D3-BF4B-00C04F79EFBC}") = "MultiShop.Order.Persistence", "Services\Order\Infrastructure\MultiShop.Order.Persistence\MultiShop.Order.Persistence.csproj", "{64770260-8042-4C2A-BE19-E63C90EDDDC7}"
EndProject
Project("{FAE04EC0-301F-11D3-BF4B-00C04F79EFBC}") = "MultiShop.Order.WebApi", "Services\Order\Presentation\MultiShop.Order.WebApi\MultiShop.Order.WebApi.csproj", "{5179378C-4CCE-4433-A86F-541DB5E94F33}"
EndProject
Project("{2150E333-8FDC-42A3-9474-1A3956D46DE8}") = "IdentityServer", "IdentityServer", "{59F8C78A-292D-4F34-9D85-BA725444B2AE}"
EndProject
Project("{FAE04EC0-301F-11D3-BF4B-00C04F79EFBC}") = "Multishop.IdentityServer", "IdentityServer\Multishop.IdentityServer\Multishop.IdentityServer.csproj", "{EA14094F-FB55-5ABC-1402-B4229C4AD0B1}"
EndProject
Project("{2150E333-8FDC-42A3-9474-1A3956D46DE8}") = "Requirement", "Requirement", "{0DB9E70E-9654-4979-B4BC-6FC5C30AEBBB}"
	ProjectSection(SolutionItems) = preProject
		LoginIndex.txt = LoginIndex.txt
		OcelotCodeExample.txt = OcelotCodeExample.txt
		Orderhtml.txt = Orderhtml.txt
		PortNumbers.txt = PortNumbers.txt
		SimpleCode.txt = SimpleCode.txt
		UserExample.txt = UserExample.txt
	EndProjectSection
EndProject
Project("{2150E333-8FDC-42A3-9474-1A3956D46DE8}") = "Cargo", "Cargo", "{2D9D0082-7995-4D13-A0F6-5B2441D4544B}"
EndProject
Project("{FAE04EC0-301F-11D3-BF4B-00C04F79EFBC}") = "MultiShop.Cargo.BusinessLayer", "Services\Cargo\MultiShop.Cargo.BusinessLayer\MultiShop.Cargo.BusinessLayer.csproj", "{E6631F35-88E2-47C9-9BC9-6F022E62178D}"
EndProject
Project("{FAE04EC0-301F-11D3-BF4B-00C04F79EFBC}") = "MultiShop.Cargo.EntityLayer", "Services\Cargo\MultiShop.Cargo.EntityLayer\MultiShop.Cargo.EntityLayer.csproj", "{B094197F-9D9F-4837-9EC2-62AD57625A07}"
EndProject
Project("{FAE04EC0-301F-11D3-BF4B-00C04F79EFBC}") = "MultiShop.Cargo.DataAccessLayer", "Services\Cargo\MultiShop.Cargo.DataAccessLayer\MultiShop.Cargo.DataAccessLayer.csproj", "{0B57C50C-9E76-4C2B-A810-BBFC199E9D02}"
EndProject
Project("{FAE04EC0-301F-11D3-BF4B-00C04F79EFBC}") = "MultiShop.Cargo.DtoLayer", "Services\Cargo\MultiShop.Cargo.DtoLayer\MultiShop.Cargo.DtoLayer.csproj", "{FF223D62-4CA7-4B4B-9098-BDD31E257FAB}"
EndProject
Project("{FAE04EC0-301F-11D3-BF4B-00C04F79EFBC}") = "MultiShop.Cargo.WebApi", "Services\Cargo\MultiShop.Cargo.WebApi\MultiShop.Cargo.WebApi.csproj", "{205C9FCB-B823-4A15-87FD-BCC5F1DE1D03}"
EndProject
Project("{2150E333-8FDC-42A3-9474-1A3956D46DE8}") = "Basket", "Basket", "{58602673-8F8B-42E8-949A-262FF1ABF7F4}"
EndProject
Project("{FAE04EC0-301F-11D3-BF4B-00C04F79EFBC}") = "MultiShop.Basket", "Services\Basket\MultiShop.Basket\MultiShop.Basket.csproj", "{160BE14D-3E2E-45C0-B8C7-508DE4902489}"
EndProject
Project("{2150E333-8FDC-42A3-9474-1A3956D46DE8}") = "Frontends", "Frontends", "{777A2493-76D8-4A13-8390-1F7F31B6207E}"
EndProject
Project("{FAE04EC0-301F-11D3-BF4B-00C04F79EFBC}") = "MultiShop.WebUI", "Frontends\MultiShop.WebUI\MultiShop.WebUI.csproj", "{C0383246-3776-4BE9-A5FC-D26E0042C5A0}"
EndProject
Project("{FAE04EC0-301F-11D3-BF4B-00C04F79EFBC}") = "MultiShop.DtoLayer", "Frontends\MultiShop.DtoLayer\MultiShop.DtoLayer.csproj", "{94987CC0-20B2-454A-8371-C2C3AFF59CCE}"
EndProject
Project("{2150E333-8FDC-42A3-9474-1A3956D46DE8}") = "Comment", "Comment", "{BDBC3244-2716-4CB4-8C78-4657C069B876}"
EndProject
Project("{FAE04EC0-301F-11D3-BF4B-00C04F79EFBC}") = "MultiShop.Comment", "Services\Comment\MultiShop.Comment\MultiShop.Comment.csproj", "{0E6E0057-DC7A-4EB2-B427-36A7960A52AD}"
EndProject
Project("{2150E333-8FDC-42A3-9474-1A3956D46DE8}") = "ApiGateway", "ApiGateway", "{260AC60A-C151-452C-BABB-EAE1774B6465}"
EndProject
Project("{2150E333-8FDC-42A3-9474-1A3956D46DE8}") = "RapidApi", "RapidApi", "{FD24DC09-BEC4-4CD8-94CE-76C754B12FA1}"
EndProject
Project("{FAE04EC0-301F-11D3-BF4B-00C04F79EFBC}") = "MultiShop.OcelotGateway", "ApiGateway\MultiShop.OcelotGateway\MultiShop.OcelotGateway.csproj", "{6B700D80-1EA4-4482-9885-0E7F2DBFA5BA}"
EndProject
Project("{2150E333-8FDC-42A3-9474-1A3956D46DE8}") = "Payment", "Payment", "{C6D6C456-1BC1-4CB3-8505-4976F34E9B00}"
EndProject
Project("{FAE04EC0-301F-11D3-BF4B-00C04F79EFBC}") = "MultiShop.Payment", "Services\Payment\MultiShop.Payment\MultiShop.Payment.csproj", "{538B4AEE-3D32-4D33-8D2E-92049B7ED839}"
EndProject
Project("{2150E333-8FDC-42A3-9474-1A3956D46DE8}") = "Images", "Images", "{15B99958-F12C-43B0-80A7-B43D7B4AA001}"
EndProject
Project("{FAE04EC0-301F-11D3-BF4B-00C04F79EFBC}") = "MultiShop.Images", "Services\Images\MultiShop.Images\MultiShop.Images.csproj", "{B2F70C0B-6C6F-4F82-9318-9A53D2564E57}"
EndProject
Project("{2150E333-8FDC-42A3-9474-1A3956D46DE8}") = "Message", "Message", "{4102C90A-9698-4CF6-8A0E-9C4E477C06B8}"
EndProject
Project("{FAE04EC0-301F-11D3-BF4B-00C04F79EFBC}") = "MultiShop.Message", "Services\Message\MultiShop.Message\MultiShop.Message.csproj", "{FA18872D-BEAF-4D70-AA98-BB7FB36CA385}"
EndProject
Project("{2150E333-8FDC-42A3-9474-1A3956D46DE8}") = "SignalRRealTime", "SignalRRealTime", "{DF748B7B-2720-4933-8DE9-D6EE9A623392}"
EndProject
Project("{FAE04EC0-301F-11D3-BF4B-00C04F79EFBC}") = "MultiShop.SignalRRealTimeApi", "Services\SignalRRealTime\MultiShop.SignalRRealTimeApi\MultiShop.SignalRRealTimeApi.csproj", "{A5F61606-7CFC-4FF6-BCB3-4D4E0279D05A}"
EndProject
Project("{2150E333-8FDC-42A3-9474-1A3956D46DE8}") = "RabbitMQMessage", "RabbitMQMessage", "{D02E6A70-40FD-4531-BEF2-481CA6A51BA1}"
EndProject
Project("{FAE04EC0-301F-11D3-BF4B-00C04F79EFBC}") = "MultiShop.RabbitMQMessageApi", "RabbitMQMessage\MultiShop.RabbitMQMessageApi\MultiShop.RabbitMQMessageApi.csproj", "{C2C3D7E9-9B0A-453B-9C91-D01224085BB1}"
EndProject
Project("{FAE04EC0-301F-11D3-BF4B-00C04F79EFBC}") = "MultiShop.RapidApiWebUI", "RapidApi\MultiShop.RapidApiWebUI\MultiShop.RapidApiWebUI.csproj", "{0D2DF1C9-FDFD-4650-B2F7-69A9FD193C1A}"
EndProject
Global
	GlobalSection(SolutionConfigurationPlatforms) = preSolution
		Debug|Any CPU = Debug|Any CPU
		Release|Any CPU = Release|Any CPU
	EndGlobalSection
	GlobalSection(ProjectConfigurationPlatforms) = postSolution
		{532C8C68-FB37-4314-BA26-885844F48751}.Debug|Any CPU.ActiveCfg = Debug|Any CPU
		{532C8C68-FB37-4314-BA26-885844F48751}.Debug|Any CPU.Build.0 = Debug|Any CPU
		{532C8C68-FB37-4314-BA26-885844F48751}.Release|Any CPU.ActiveCfg = Release|Any CPU
		{532C8C68-FB37-4314-BA26-885844F48751}.Release|Any CPU.Build.0 = Release|Any CPU
		{B5D57F98-26F7-45A3-BE15-31C004EB1A58}.Debug|Any CPU.ActiveCfg = Debug|Any CPU
		{B5D57F98-26F7-45A3-BE15-31C004EB1A58}.Debug|Any CPU.Build.0 = Debug|Any CPU
		{B5D57F98-26F7-45A3-BE15-31C004EB1A58}.Release|Any CPU.ActiveCfg = Release|Any CPU
		{B5D57F98-26F7-45A3-BE15-31C004EB1A58}.Release|Any CPU.Build.0 = Release|Any CPU
		{A2F30D17-62DC-4761-8D47-724C5B6AF92D}.Debug|Any CPU.ActiveCfg = Debug|Any CPU
		{A2F30D17-62DC-4761-8D47-724C5B6AF92D}.Debug|Any CPU.Build.0 = Debug|Any CPU
		{A2F30D17-62DC-4761-8D47-724C5B6AF92D}.Release|Any CPU.ActiveCfg = Release|Any CPU
		{A2F30D17-62DC-4761-8D47-724C5B6AF92D}.Release|Any CPU.Build.0 = Release|Any CPU
		{033DD2C3-CA0F-4CA9-BB05-5F7C2B46DDF8}.Debug|Any CPU.ActiveCfg = Debug|Any CPU
		{033DD2C3-CA0F-4CA9-BB05-5F7C2B46DDF8}.Debug|Any CPU.Build.0 = Debug|Any CPU
		{033DD2C3-CA0F-4CA9-BB05-5F7C2B46DDF8}.Release|Any CPU.ActiveCfg = Release|Any CPU
		{033DD2C3-CA0F-4CA9-BB05-5F7C2B46DDF8}.Release|Any CPU.Build.0 = Release|Any CPU
		{64770260-8042-4C2A-BE19-E63C90EDDDC7}.Debug|Any CPU.ActiveCfg = Debug|Any CPU
		{64770260-8042-4C2A-BE19-E63C90EDDDC7}.Debug|Any CPU.Build.0 = Debug|Any CPU
		{64770260-8042-4C2A-BE19-E63C90EDDDC7}.Release|Any CPU.ActiveCfg = Release|Any CPU
		{64770260-8042-4C2A-BE19-E63C90EDDDC7}.Release|Any CPU.Build.0 = Release|Any CPU
		{5179378C-4CCE-4433-A86F-541DB5E94F33}.Debug|Any CPU.ActiveCfg = Debug|Any CPU
		{5179378C-4CCE-4433-A86F-541DB5E94F33}.Debug|Any CPU.Build.0 = Debug|Any CPU
		{5179378C-4CCE-4433-A86F-541DB5E94F33}.Release|Any CPU.ActiveCfg = Release|Any CPU
		{5179378C-4CCE-4433-A86F-541DB5E94F33}.Release|Any CPU.Build.0 = Release|Any CPU
		{EA14094F-FB55-5ABC-1402-B4229C4AD0B1}.Debug|Any CPU.ActiveCfg = Debug|Any CPU
		{EA14094F-FB55-5ABC-1402-B4229C4AD0B1}.Debug|Any CPU.Build.0 = Debug|Any CPU
		{EA14094F-FB55-5ABC-1402-B4229C4AD0B1}.Release|Any CPU.ActiveCfg = Release|Any CPU
		{EA14094F-FB55-5ABC-1402-B4229C4AD0B1}.Release|Any CPU.Build.0 = Release|Any CPU
		{E6631F35-88E2-47C9-9BC9-6F022E62178D}.Debug|Any CPU.ActiveCfg = Debug|Any CPU
		{E6631F35-88E2-47C9-9BC9-6F022E62178D}.Debug|Any CPU.Build.0 = Debug|Any CPU
		{E6631F35-88E2-47C9-9BC9-6F022E62178D}.Release|Any CPU.ActiveCfg = Release|Any CPU
		{E6631F35-88E2-47C9-9BC9-6F022E62178D}.Release|Any CPU.Build.0 = Release|Any CPU
		{B094197F-9D9F-4837-9EC2-62AD57625A07}.Debug|Any CPU.ActiveCfg = Debug|Any CPU
		{B094197F-9D9F-4837-9EC2-62AD57625A07}.Debug|Any CPU.Build.0 = Debug|Any CPU
		{B094197F-9D9F-4837-9EC2-62AD57625A07}.Release|Any CPU.ActiveCfg = Release|Any CPU
		{B094197F-9D9F-4837-9EC2-62AD57625A07}.Release|Any CPU.Build.0 = Release|Any CPU
		{0B57C50C-9E76-4C2B-A810-BBFC199E9D02}.Debug|Any CPU.ActiveCfg = Debug|Any CPU
		{0B57C50C-9E76-4C2B-A810-BBFC199E9D02}.Debug|Any CPU.Build.0 = Debug|Any CPU
		{0B57C50C-9E76-4C2B-A810-BBFC199E9D02}.Release|Any CPU.ActiveCfg = Release|Any CPU
		{0B57C50C-9E76-4C2B-A810-BBFC199E9D02}.Release|Any CPU.Build.0 = Release|Any CPU
		{FF223D62-4CA7-4B4B-9098-BDD31E257FAB}.Debug|Any CPU.ActiveCfg = Debug|Any CPU
		{FF223D62-4CA7-4B4B-9098-BDD31E257FAB}.Debug|Any CPU.Build.0 = Debug|Any CPU
		{FF223D62-4CA7-4B4B-9098-BDD31E257FAB}.Release|Any CPU.ActiveCfg = Release|Any CPU
		{FF223D62-4CA7-4B4B-9098-BDD31E257FAB}.Release|Any CPU.Build.0 = Release|Any CPU
		{205C9FCB-B823-4A15-87FD-BCC5F1DE1D03}.Debug|Any CPU.ActiveCfg = Debug|Any CPU
		{205C9FCB-B823-4A15-87FD-BCC5F1DE1D03}.Debug|Any CPU.Build.0 = Debug|Any CPU
		{205C9FCB-B823-4A15-87FD-BCC5F1DE1D03}.Release|Any CPU.ActiveCfg = Release|Any CPU
		{205C9FCB-B823-4A15-87FD-BCC5F1DE1D03}.Release|Any CPU.Build.0 = Release|Any CPU
		{160BE14D-3E2E-45C0-B8C7-508DE4902489}.Debug|Any CPU.ActiveCfg = Debug|Any CPU
		{160BE14D-3E2E-45C0-B8C7-508DE4902489}.Debug|Any CPU.Build.0 = Debug|Any CPU
		{160BE14D-3E2E-45C0-B8C7-508DE4902489}.Release|Any CPU.ActiveCfg = Release|Any CPU
		{160BE14D-3E2E-45C0-B8C7-508DE4902489}.Release|Any CPU.Build.0 = Release|Any CPU
		{C0383246-3776-4BE9-A5FC-D26E0042C5A0}.Debug|Any CPU.ActiveCfg = Debug|Any CPU
		{C0383246-3776-4BE9-A5FC-D26E0042C5A0}.Debug|Any CPU.Build.0 = Debug|Any CPU
		{C0383246-3776-4BE9-A5FC-D26E0042C5A0}.Release|Any CPU.ActiveCfg = Release|Any CPU
		{C0383246-3776-4BE9-A5FC-D26E0042C5A0}.Release|Any CPU.Build.0 = Release|Any CPU
		{94987CC0-20B2-454A-8371-C2C3AFF59CCE}.Debug|Any CPU.ActiveCfg = Debug|Any CPU
		{94987CC0-20B2-454A-8371-C2C3AFF59CCE}.Debug|Any CPU.Build.0 = Debug|Any CPU
		{94987CC0-20B2-454A-8371-C2C3AFF59CCE}.Release|Any CPU.ActiveCfg = Release|Any CPU
		{94987CC0-20B2-454A-8371-C2C3AFF59CCE}.Release|Any CPU.Build.0 = Release|Any CPU
		{0E6E0057-DC7A-4EB2-B427-36A7960A52AD}.Debug|Any CPU.ActiveCfg = Debug|Any CPU
		{0E6E0057-DC7A-4EB2-B427-36A7960A52AD}.Debug|Any CPU.Build.0 = Debug|Any CPU
		{0E6E0057-DC7A-4EB2-B427-36A7960A52AD}.Release|Any CPU.ActiveCfg = Release|Any CPU
		{0E6E0057-DC7A-4EB2-B427-36A7960A52AD}.Release|Any CPU.Build.0 = Release|Any CPU
		{6B700D80-1EA4-4482-9885-0E7F2DBFA5BA}.Debug|Any CPU.ActiveCfg = Debug|Any CPU
		{6B700D80-1EA4-4482-9885-0E7F2DBFA5BA}.Debug|Any CPU.Build.0 = Debug|Any CPU
		{6B700D80-1EA4-4482-9885-0E7F2DBFA5BA}.Release|Any CPU.ActiveCfg = Release|Any CPU
		{6B700D80-1EA4-4482-9885-0E7F2DBFA5BA}.Release|Any CPU.Build.0 = Release|Any CPU
		{538B4AEE-3D32-4D33-8D2E-92049B7ED839}.Debug|Any CPU.ActiveCfg = Debug|Any CPU
		{538B4AEE-3D32-4D33-8D2E-92049B7ED839}.Debug|Any CPU.Build.0 = Debug|Any CPU
		{538B4AEE-3D32-4D33-8D2E-92049B7ED839}.Release|Any CPU.ActiveCfg = Release|Any CPU
		{538B4AEE-3D32-4D33-8D2E-92049B7ED839}.Release|Any CPU.Build.0 = Release|Any CPU
		{B2F70C0B-6C6F-4F82-9318-9A53D2564E57}.Debug|Any CPU.ActiveCfg = Debug|Any CPU
		{B2F70C0B-6C6F-4F82-9318-9A53D2564E57}.Debug|Any CPU.Build.0 = Debug|Any CPU
		{B2F70C0B-6C6F-4F82-9318-9A53D2564E57}.Release|Any CPU.ActiveCfg = Release|Any CPU
		{B2F70C0B-6C6F-4F82-9318-9A53D2564E57}.Release|Any CPU.Build.0 = Release|Any CPU
		{FA18872D-BEAF-4D70-AA98-BB7FB36CA385}.Debug|Any CPU.ActiveCfg = Debug|Any CPU
		{FA18872D-BEAF-4D70-AA98-BB7FB36CA385}.Debug|Any CPU.Build.0 = Debug|Any CPU
		{FA18872D-BEAF-4D70-AA98-BB7FB36CA385}.Release|Any CPU.ActiveCfg = Release|Any CPU
		{FA18872D-BEAF-4D70-AA98-BB7FB36CA385}.Release|Any CPU.Build.0 = Release|Any CPU
		{A5F61606-7CFC-4FF6-BCB3-4D4E0279D05A}.Debug|Any CPU.ActiveCfg = Debug|Any CPU
		{A5F61606-7CFC-4FF6-BCB3-4D4E0279D05A}.Debug|Any CPU.Build.0 = Debug|Any CPU
		{A5F61606-7CFC-4FF6-BCB3-4D4E0279D05A}.Release|Any CPU.ActiveCfg = Release|Any CPU
		{A5F61606-7CFC-4FF6-BCB3-4D4E0279D05A}.Release|Any CPU.Build.0 = Release|Any CPU
		{C2C3D7E9-9B0A-453B-9C91-D01224085BB1}.Debug|Any CPU.ActiveCfg = Debug|Any CPU
		{C2C3D7E9-9B0A-453B-9C91-D01224085BB1}.Debug|Any CPU.Build.0 = Debug|Any CPU
		{C2C3D7E9-9B0A-453B-9C91-D01224085BB1}.Release|Any CPU.ActiveCfg = Release|Any CPU
		{C2C3D7E9-9B0A-453B-9C91-D01224085BB1}.Release|Any CPU.Build.0 = Release|Any CPU
		{0D2DF1C9-FDFD-4650-B2F7-69A9FD193C1A}.Debug|Any CPU.ActiveCfg = Debug|Any CPU
		{0D2DF1C9-FDFD-4650-B2F7-69A9FD193C1A}.Debug|Any CPU.Build.0 = Debug|Any CPU
		{0D2DF1C9-FDFD-4650-B2F7-69A9FD193C1A}.Release|Any CPU.ActiveCfg = Release|Any CPU
		{0D2DF1C9-FDFD-4650-B2F7-69A9FD193C1A}.Release|Any CPU.Build.0 = Release|Any CPU
	EndGlobalSection
	GlobalSection(SolutionProperties) = preSolution
		HideSolutionNode = FALSE
	EndGlobalSection
	GlobalSection(NestedProjects) = preSolution
		{DB0FDEC6-9CF1-4C52-8837-B5D87083D493} = {02EA681E-C7D8-13C7-8484-4AC65E1B71E8}
		{532C8C68-FB37-4314-BA26-885844F48751} = {DB0FDEC6-9CF1-4C52-8837-B5D87083D493}
		{FCF357DF-529E-4415-AF75-A131CB79AC8C} = {02EA681E-C7D8-13C7-8484-4AC65E1B71E8}
		{B5D57F98-26F7-45A3-BE15-31C004EB1A58} = {FCF357DF-529E-4415-AF75-A131CB79AC8C}
		{DDDD24C6-7122-4CB9-9491-7C1651025755} = {02EA681E-C7D8-13C7-8484-4AC65E1B71E8}
		{3D0CE1DF-F614-49CB-B2B1-BB00E0B48843} = {DDDD24C6-7122-4CB9-9491-7C1651025755}
		{0BAABFC2-35A3-40F1-9860-66BEA3231A84} = {DDDD24C6-7122-4CB9-9491-7C1651025755}
		{AA22AA2E-7E31-4988-92B8-EC4451226D8A} = {DDDD24C6-7122-4CB9-9491-7C1651025755}
		{A2F30D17-62DC-4761-8D47-724C5B6AF92D} = {0BAABFC2-35A3-40F1-9860-66BEA3231A84}
		{033DD2C3-CA0F-4CA9-BB05-5F7C2B46DDF8} = {0BAABFC2-35A3-40F1-9860-66BEA3231A84}
		{64770260-8042-4C2A-BE19-E63C90EDDDC7} = {3D0CE1DF-F614-49CB-B2B1-BB00E0B48843}
		{5179378C-4CCE-4433-A86F-541DB5E94F33} = {AA22AA2E-7E31-4988-92B8-EC4451226D8A}
		{EA14094F-FB55-5ABC-1402-B4229C4AD0B1} = {59F8C78A-292D-4F34-9D85-BA725444B2AE}
		{2D9D0082-7995-4D13-A0F6-5B2441D4544B} = {02EA681E-C7D8-13C7-8484-4AC65E1B71E8}
		{E6631F35-88E2-47C9-9BC9-6F022E62178D} = {2D9D0082-7995-4D13-A0F6-5B2441D4544B}
		{B094197F-9D9F-4837-9EC2-62AD57625A07} = {2D9D0082-7995-4D13-A0F6-5B2441D4544B}
		{0B57C50C-9E76-4C2B-A810-BBFC199E9D02} = {2D9D0082-7995-4D13-A0F6-5B2441D4544B}
		{FF223D62-4CA7-4B4B-9098-BDD31E257FAB} = {2D9D0082-7995-4D13-A0F6-5B2441D4544B}
		{205C9FCB-B823-4A15-87FD-BCC5F1DE1D03} = {2D9D0082-7995-4D13-A0F6-5B2441D4544B}
		{58602673-8F8B-42E8-949A-262FF1ABF7F4} = {02EA681E-C7D8-13C7-8484-4AC65E1B71E8}
		{160BE14D-3E2E-45C0-B8C7-508DE4902489} = {58602673-8F8B-42E8-949A-262FF1ABF7F4}
		{C0383246-3776-4BE9-A5FC-D26E0042C5A0} = {777A2493-76D8-4A13-8390-1F7F31B6207E}
		{94987CC0-20B2-454A-8371-C2C3AFF59CCE} = {777A2493-76D8-4A13-8390-1F7F31B6207E}
		{BDBC3244-2716-4CB4-8C78-4657C069B876} = {02EA681E-C7D8-13C7-8484-4AC65E1B71E8}
		{0E6E0057-DC7A-4EB2-B427-36A7960A52AD} = {BDBC3244-2716-4CB4-8C78-4657C069B876}
		{6B700D80-1EA4-4482-9885-0E7F2DBFA5BA} = {260AC60A-C151-452C-BABB-EAE1774B6465}
		{C6D6C456-1BC1-4CB3-8505-4976F34E9B00} = {02EA681E-C7D8-13C7-8484-4AC65E1B71E8}
		{538B4AEE-3D32-4D33-8D2E-92049B7ED839} = {C6D6C456-1BC1-4CB3-8505-4976F34E9B00}
		{15B99958-F12C-43B0-80A7-B43D7B4AA001} = {02EA681E-C7D8-13C7-8484-4AC65E1B71E8}
		{B2F70C0B-6C6F-4F82-9318-9A53D2564E57} = {15B99958-F12C-43B0-80A7-B43D7B4AA001}
		{4102C90A-9698-4CF6-8A0E-9C4E477C06B8} = {02EA681E-C7D8-13C7-8484-4AC65E1B71E8}
		{FA18872D-BEAF-4D70-AA98-BB7FB36CA385} = {4102C90A-9698-4CF6-8A0E-9C4E477C06B8}
		{DF748B7B-2720-4933-8DE9-D6EE9A623392} = {02EA681E-C7D8-13C7-8484-4AC65E1B71E8}
		{A5F61606-7CFC-4FF6-BCB3-4D4E0279D05A} = {DF748B7B-2720-4933-8DE9-D6EE9A623392}
		{D02E6A70-40FD-4531-BEF2-481CA6A51BA1} = {02EA681E-C7D8-13C7-8484-4AC65E1B71E8}
		{C2C3D7E9-9B0A-453B-9C91-D01224085BB1} = {D02E6A70-40FD-4531-BEF2-481CA6A51BA1}
		{0D2DF1C9-FDFD-4650-B2F7-69A9FD193C1A} = {FD24DC09-BEC4-4CD8-94CE-76C754B12FA1}
	EndGlobalSection
	GlobalSection(ExtensibilityGlobals) = postSolution
		SolutionGuid = {0772CFB6-3967-4337-AB23-11C1E31EC07B}
	EndGlobalSection
EndGlobal
